
Microsoft Visual Studio Solution File, Format Version 12.00
# Visual Studio Version 17
VisualStudioVersion = 17.3.32825.248
MinimumVisualStudioVersion = 10.0.40219.1
Project("{FAE04EC0-301F-11D3-BF4B-00C04F79EFBC}") = "Prakt1.1", "Prakt1.1\Prakt1.1.csproj", "{BBA6D603-FCAF-48C3-A164-73039A22B442}"
EndProject
Global
	GlobalSection(SolutionConfigurationPlatforms) = preSolution
		Debug|Any CPU = Debug|Any CPU
		Release|Any CPU = Release|Any CPU
	EndGlobalSection
	GlobalSection(ProjectConfigurationPlatforms) = postSolution
		{BBA6D603-FCAF-48C3-A164-73039A22B442}.Debug|Any CPU.ActiveCfg = Debug|Any CPU
		{BBA6D603-FCAF-48C3-A164-73039A22B442}.Debug|Any CPU.Build.0 = Debug|Any CPU
		{BBA6D603-FCAF-48C3-A164-73039A22B442}.Release|Any CPU.ActiveCfg = Release|Any CPU
		{BBA6D603-FCAF-48C3-A164-73039A22B442}.Release|Any CPU.Build.0 = Release|Any CPU
	EndGlobalSection
	GlobalSection(SolutionProperties) = preSolution
		HideSolutionNode = FALSE
	EndGlobalSection
	GlobalSection(ExtensibilityGlobals) = postSolution
		SolutionGuid = {3172C588-082A-466A-B703-0B090A851BB7}
	EndGlobalSection
EndGlobal
