
Microsoft Visual Studio Solution File, Format Version 12.00
# Visual Studio Version 17
VisualStudioVersion = 17.3.32825.248
MinimumVisualStudioVersion = 10.0.40219.1
Project("{FAE04EC0-301F-11D3-BF4B-00C04F79EFBC}") = "Prakt1.6", "Prakt1.6\Prakt1.6.csproj", "{9709B67A-4BA4-4612-ACEE-2B12FCB9DEAA}"
EndProject
Global
	GlobalSection(SolutionConfigurationPlatforms) = preSolution
		Debug|Any CPU = Debug|Any CPU
		Release|Any CPU = Release|Any CPU
	EndGlobalSection
	GlobalSection(ProjectConfigurationPlatforms) = postSolution
		{9709B67A-4BA4-4612-ACEE-2B12FCB9DEAA}.Debug|Any CPU.ActiveCfg = Debug|Any CPU
		{9709B67A-4BA4-4612-ACEE-2B12FCB9DEAA}.Debug|Any CPU.Build.0 = Debug|Any CPU
		{9709B67A-4BA4-4612-ACEE-2B12FCB9DEAA}.Release|Any CPU.ActiveCfg = Release|Any CPU
		{9709B67A-4BA4-4612-ACEE-2B12FCB9DEAA}.Release|Any CPU.Build.0 = Release|Any CPU
	EndGlobalSection
	GlobalSection(SolutionProperties) = preSolution
		HideSolutionNode = FALSE
	EndGlobalSection
	GlobalSection(ExtensibilityGlobals) = postSolution
		SolutionGuid = {6DA9FCB4-B7FC-4AAE-83BC-EC532CDABF99}
	EndGlobalSection
EndGlobal
