
Microsoft Visual Studio Solution File, Format Version 12.00
# Visual Studio Version 17
VisualStudioVersion = 17.3.32825.248
MinimumVisualStudioVersion = 10.0.40219.1
Project("{FAE04EC0-301F-11D3-BF4B-00C04F79EFBC}") = "Prakt1.5", "Prakt1.5\Prakt1.5.csproj", "{C846C176-CE36-4849-95C5-C9B233D4E8A2}"
EndProject
Global
	GlobalSection(SolutionConfigurationPlatforms) = preSolution
		Debug|Any CPU = Debug|Any CPU
		Release|Any CPU = Release|Any CPU
	EndGlobalSection
	GlobalSection(ProjectConfigurationPlatforms) = postSolution
		{C846C176-CE36-4849-95C5-C9B233D4E8A2}.Debug|Any CPU.ActiveCfg = Debug|Any CPU
		{C846C176-CE36-4849-95C5-C9B233D4E8A2}.Debug|Any CPU.Build.0 = Debug|Any CPU
		{C846C176-CE36-4849-95C5-C9B233D4E8A2}.Release|Any CPU.ActiveCfg = Release|Any CPU
		{C846C176-CE36-4849-95C5-C9B233D4E8A2}.Release|Any CPU.Build.0 = Release|Any CPU
	EndGlobalSection
	GlobalSection(SolutionProperties) = preSolution
		HideSolutionNode = FALSE
	EndGlobalSection
	GlobalSection(ExtensibilityGlobals) = postSolution
		SolutionGuid = {BC1AC89A-903F-49BC-A43D-78104E77FF79}
	EndGlobalSection
EndGlobal
